
Microsoft Visual Studio Solution File, Format Version 12.00
# Visual Studio Version 16
VisualStudioVersion = 16.0.30611.23
MinimumVisualStudioVersion = 10.0.40219.1
Project("{FAE04EC0-301F-11D3-BF4B-00C04F79EFBC}") = "Lab01", "Lab01\Lab01.csproj", "{46209710-862C-4341-BF34-8F2494E6F59E}"
EndProject
Global
	GlobalSection(SolutionConfigurationPlatforms) = preSolution
		Debug|Any CPU = Debug|Any CPU
		Release|Any CPU = Release|Any CPU
	EndGlobalSection
	GlobalSection(ProjectConfigurationPlatforms) = postSolution
		{46209710-862C-4341-BF34-8F2494E6F59E}.Debug|Any CPU.ActiveCfg = Debug|Any CPU
		{46209710-862C-4341-BF34-8F2494E6F59E}.Debug|Any CPU.Build.0 = Debug|Any CPU
		{46209710-862C-4341-BF34-8F2494E6F59E}.Release|Any CPU.ActiveCfg = Release|Any CPU
		{46209710-862C-4341-BF34-8F2494E6F59E}.Release|Any CPU.Build.0 = Release|Any CPU
	EndGlobalSection
	GlobalSection(SolutionProperties) = preSolution
		HideSolutionNode = FALSE
	EndGlobalSection
	GlobalSection(ExtensibilityGlobals) = postSolution
		SolutionGuid = {DE9E4E52-AB06-49B8-A49F-FD51FB37E029}
	EndGlobalSection
EndGlobal
