
Microsoft Visual Studio Solution File, Format Version 12.00
# Visual Studio Version 16
VisualStudioVersion = 16.0.30621.155
MinimumVisualStudioVersion = 10.0.40219.1
Project("{FAE04EC0-301F-11D3-BF4B-00C04F79EFBC}") = "Lab4", "Lab4\Lab4.csproj", "{DAD4B792-7055-405A-A529-D06F90B220D7}"
EndProject
Global
	GlobalSection(SolutionConfigurationPlatforms) = preSolution
		Debug|Any CPU = Debug|Any CPU
		Release|Any CPU = Release|Any CPU
	EndGlobalSection
	GlobalSection(ProjectConfigurationPlatforms) = postSolution
		{DAD4B792-7055-405A-A529-D06F90B220D7}.Debug|Any CPU.ActiveCfg = Debug|Any CPU
		{DAD4B792-7055-405A-A529-D06F90B220D7}.Debug|Any CPU.Build.0 = Debug|Any CPU
		{DAD4B792-7055-405A-A529-D06F90B220D7}.Release|Any CPU.ActiveCfg = Release|Any CPU
		{DAD4B792-7055-405A-A529-D06F90B220D7}.Release|Any CPU.Build.0 = Release|Any CPU
	EndGlobalSection
	GlobalSection(SolutionProperties) = preSolution
		HideSolutionNode = FALSE
	EndGlobalSection
	GlobalSection(ExtensibilityGlobals) = postSolution
		SolutionGuid = {8814296E-CD16-4415-8CC0-A72C19D4CCA6}
	EndGlobalSection
EndGlobal
